
Microsoft Visual Studio Solution File, Format Version 12.00
# Visual Studio Version 17
VisualStudioVersion = 17.5.002.0
MinimumVisualStudioVersion = 10.0.40219.1
Project("{9A19103F-16F7-4668-BE54-9A1E7A4F7556}") = "HackAssembler", "HackAssembler.csproj", "{48075C48-AEC6-4830-A315-EE7E6F00D822}"
EndProject
Global
	GlobalSection(SolutionConfigurationPlatforms) = preSolution
		Debug|Any CPU = Debug|Any CPU
		Release|Any CPU = Release|Any CPU
	EndGlobalSection
	GlobalSection(ProjectConfigurationPlatforms) = postSolution
		{48075C48-AEC6-4830-A315-EE7E6F00D822}.Debug|Any CPU.ActiveCfg = Debug|Any CPU
		{48075C48-AEC6-4830-A315-EE7E6F00D822}.Debug|Any CPU.Build.0 = Debug|Any CPU
		{48075C48-AEC6-4830-A315-EE7E6F00D822}.Release|Any CPU.ActiveCfg = Release|Any CPU
		{48075C48-AEC6-4830-A315-EE7E6F00D822}.Release|Any CPU.Build.0 = Release|Any CPU
	EndGlobalSection
	GlobalSection(SolutionProperties) = preSolution
		HideSolutionNode = FALSE
	EndGlobalSection
	GlobalSection(ExtensibilityGlobals) = postSolution
		SolutionGuid = {44CE66EC-312A-4BAB-A479-64FBC322E1D9}
	EndGlobalSection
EndGlobal
